// !$*UTF8*$!
{
	archiveVersion = 1;
	classes = {
	};
	objectVersion = 50;
	objects = {

/* Begin PBXBuildFile section */
		AE0DA3C624150E710058DE15 /* Drink.swift in Sources */ = {isa = PBXBuildFile; fileRef = AE0DA3C524150E710058DE15 /* Drink.swift */; };
		AE0DA3C824150EAF0058DE15 /* SpecialOffer.swift in Sources */ = {isa = PBXBuildFile; fileRef = AE0DA3C724150EAF0058DE15 /* SpecialOffer.swift */; };
		AE0DA3CA24150EEF0058DE15 /* Price.swift in Sources */ = {isa = PBXBuildFile; fileRef = AE0DA3C924150EEF0058DE15 /* Price.swift */; };
		AE6CE2392412BBD100F72BB9 /* AppDelegate.swift in Sources */ = {isa = PBXBuildFile; fileRef = AE6CE2382412BBD100F72BB9 /* AppDelegate.swift */; };
		AE6CE23B2412BBD100F72BB9 /* SceneDelegate.swift in Sources */ = {isa = PBXBuildFile; fileRef = AE6CE23A2412BBD100F72BB9 /* SceneDelegate.swift */; };
		AE6CE23D2412BBD100F72BB9 /* ViewController.swift in Sources */ = {isa = PBXBuildFile; fileRef = AE6CE23C2412BBD100F72BB9 /* ViewController.swift */; };
		AE6CE2402412BBD100F72BB9 /* Main.storyboard in Resources */ = {isa = PBXBuildFile; fileRef = AE6CE23E2412BBD100F72BB9 /* Main.storyboard */; };
		AE6CE2422412BBD300F72BB9 /* Assets.xcassets in Resources */ = {isa = PBXBuildFile; fileRef = AE6CE2412412BBD300F72BB9 /* Assets.xcassets */; };
		AE6CE2452412BBD300F72BB9 /* LaunchScreen.storyboard in Resources */ = {isa = PBXBuildFile; fileRef = AE6CE2432412BBD300F72BB9 /* LaunchScreen.storyboard */; };
		AE6CE2502412BBD300F72BB9 /* DrinkTestTests.swift in Sources */ = {isa = PBXBuildFile; fileRef = AE6CE24F2412BBD300F72BB9 /* DrinkTestTests.swift */; };
		AE6CE25C2412BBF900F72BB9 /* OrderManager.swift in Sources */ = {isa = PBXBuildFile; fileRef = AE6CE25B2412BBF900F72BB9 /* OrderManager.swift */; };
		AE6CE2622412BE5C00F72BB9 /* DrinkCollectionViewCell.swift in Sources */ = {isa = PBXBuildFile; fileRef = AE6CE2602412BE5C00F72BB9 /* DrinkCollectionViewCell.swift */; };
		AE6CE2632412BE5C00F72BB9 /* DrinkCollectionViewCell.xib in Resources */ = {isa = PBXBuildFile; fileRef = AE6CE2612412BE5C00F72BB9 /* DrinkCollectionViewCell.xib */; };
		AE6CE2662412D10F00F72BB9 /* ToOrderDrinkTableViewCell.swift in Sources */ = {isa = PBXBuildFile; fileRef = AE6CE2642412D10F00F72BB9 /* ToOrderDrinkTableViewCell.swift */; };
		AE6CE2672412D10F00F72BB9 /* ToOrderDrinkTableViewCell.xib in Resources */ = {isa = PBXBuildFile; fileRef = AE6CE2652412D10F00F72BB9 /* ToOrderDrinkTableViewCell.xib */; };
/* End PBXBuildFile section */

/* Begin PBXContainerItemProxy section */
		AE6CE24C2412BBD300F72BB9 /* PBXContainerItemProxy */ = {
			isa = PBXContainerItemProxy;
			containerPortal = AE6CE22D2412BBD100F72BB9 /* Project object */;
			proxyType = 1;
			remoteGlobalIDString = AE6CE2342412BBD100F72BB9;
			remoteInfo = DrinkTest;
		};
/* End PBXContainerItemProxy section */

/* Begin PBXFileReference section */
		AE0DA3C524150E710058DE15 /* Drink.swift */ = {isa = PBXFileReference; lastKnownFileType = sourcecode.swift; path = Drink.swift; sourceTree = "<group>"; };
		AE0DA3C724150EAF0058DE15 /* SpecialOffer.swift */ = {isa = PBXFileReference; lastKnownFileType = sourcecode.swift; path = SpecialOffer.swift; sourceTree = "<group>"; };
		AE0DA3C924150EEF0058DE15 /* Price.swift */ = {isa = PBXFileReference; lastKnownFileType = sourcecode.swift; path = Price.swift; sourceTree = "<group>"; };
		AE6CE2352412BBD100F72BB9 /* DrinkTest.app */ = {isa = PBXFileReference; explicitFileType = wrapper.application; includeInIndex = 0; path = DrinkTest.app; sourceTree = BUILT_PRODUCTS_DIR; };
		AE6CE2382412BBD100F72BB9 /* AppDelegate.swift */ = {isa = PBXFileReference; lastKnownFileType = sourcecode.swift; path = AppDelegate.swift; sourceTree = "<group>"; };
		AE6CE23A2412BBD100F72BB9 /* SceneDelegate.swift */ = {isa = PBXFileReference; lastKnownFileType = sourcecode.swift; path = SceneDelegate.swift; sourceTree = "<group>"; };
		AE6CE23C2412BBD100F72BB9 /* ViewController.swift */ = {isa = PBXFileReference; lastKnownFileType = sourcecode.swift; path = ViewController.swift; sourceTree = "<group>"; };
		AE6CE23F2412BBD100F72BB9 /* Base */ = {isa = PBXFileReference; lastKnownFileType = file.storyboard; name = Base; path = Base.lproj/Main.storyboard; sourceTree = "<group>"; };
		AE6CE2412412BBD300F72BB9 /* Assets.xcassets */ = {isa = PBXFileReference; lastKnownFileType = folder.assetcatalog; path = Assets.xcassets; sourceTree = "<group>"; };
		AE6CE2442412BBD300F72BB9 /* Base */ = {isa = PBXFileReference; lastKnownFileType = file.storyboard; name = Base; path = Base.lproj/LaunchScreen.storyboard; sourceTree = "<group>"; };
		AE6CE2462412BBD300F72BB9 /* Info.plist */ = {isa = PBXFileReference; lastKnownFileType = text.plist.xml; path = Info.plist; sourceTree = "<group>"; };
		AE6CE24B2412BBD300F72BB9 /* DrinkTestTests.xctest */ = {isa = PBXFileReference; explicitFileType = wrapper.cfbundle; includeInIndex = 0; path = DrinkTestTests.xctest; sourceTree = BUILT_PRODUCTS_DIR; };
		AE6CE24F2412BBD300F72BB9 /* DrinkTestTests.swift */ = {isa = PBXFileReference; lastKnownFileType = sourcecode.swift; path = DrinkTestTests.swift; sourceTree = "<group>"; };
		AE6CE2512412BBD300F72BB9 /* Info.plist */ = {isa = PBXFileReference; lastKnownFileType = text.plist.xml; path = Info.plist; sourceTree = "<group>"; };
		AE6CE25B2412BBF900F72BB9 /* OrderManager.swift */ = {isa = PBXFileReference; lastKnownFileType = sourcecode.swift; path = OrderManager.swift; sourceTree = "<group>"; };
		AE6CE2602412BE5C00F72BB9 /* DrinkCollectionViewCell.swift */ = {isa = PBXFileReference; lastKnownFileType = sourcecode.swift; path = DrinkCollectionViewCell.swift; sourceTree = "<group>"; };
		AE6CE2612412BE5C00F72BB9 /* DrinkCollectionViewCell.xib */ = {isa = PBXFileReference; lastKnownFileType = file.xib; path = DrinkCollectionViewCell.xib; sourceTree = "<group>"; };
		AE6CE2642412D10F00F72BB9 /* ToOrderDrinkTableViewCell.swift */ = {isa = PBXFileReference; lastKnownFileType = sourcecode.swift; path = ToOrderDrinkTableViewCell.swift; sourceTree = "<group>"; };
		AE6CE2652412D10F00F72BB9 /* ToOrderDrinkTableViewCell.xib */ = {isa = PBXFileReference; lastKnownFileType = file.xib; path = ToOrderDrinkTableViewCell.xib; sourceTree = "<group>"; };
/* End PBXFileReference section */

/* Begin PBXFrameworksBuildPhase section */
		AE6CE2322412BBD100F72BB9 /* Frameworks */ = {
			isa = PBXFrameworksBuildPhase;
			buildActionMask = 2147483647;
			files = (
			);
			runOnlyForDeploymentPostprocessing = 0;
		};
		AE6CE2482412BBD300F72BB9 /* Frameworks */ = {
			isa = PBXFrameworksBuildPhase;
			buildActionMask = 2147483647;
			files = (
			);
			runOnlyForDeploymentPostprocessing = 0;
		};
/* End PBXFrameworksBuildPhase section */

/* Begin PBXGroup section */
		AE6CE22C2412BBD100F72BB9 = {
			isa = PBXGroup;
			children = (
				AE6CE2372412BBD100F72BB9 /* DrinkTest */,
				AE6CE24E2412BBD300F72BB9 /* DrinkTestTests */,
				AE6CE2362412BBD100F72BB9 /* Products */,
			);
			sourceTree = "<group>";
		};
		AE6CE2362412BBD100F72BB9 /* Products */ = {
			isa = PBXGroup;
			children = (
				AE6CE2352412BBD100F72BB9 /* DrinkTest.app */,
				AE6CE24B2412BBD300F72BB9 /* DrinkTestTests.xctest */,
			);
			name = Products;
			sourceTree = "<group>";
		};
		AE6CE2372412BBD100F72BB9 /* DrinkTest */ = {
			isa = PBXGroup;
			children = (
				AE6CE25D2412BDD500F72BB9 /* Views */,
				AE6CE25A2412BBEA00F72BB9 /* Models */,
				AE6CE2382412BBD100F72BB9 /* AppDelegate.swift */,
				AE6CE23A2412BBD100F72BB9 /* SceneDelegate.swift */,
				AE6CE23C2412BBD100F72BB9 /* ViewController.swift */,
				AE6CE23E2412BBD100F72BB9 /* Main.storyboard */,
				AE6CE2412412BBD300F72BB9 /* Assets.xcassets */,
				AE6CE2432412BBD300F72BB9 /* LaunchScreen.storyboard */,
				AE6CE2462412BBD300F72BB9 /* Info.plist */,
			);
			path = DrinkTest;
			sourceTree = "<group>";
		};
		AE6CE24E2412BBD300F72BB9 /* DrinkTestTests */ = {
			isa = PBXGroup;
			children = (
				AE6CE24F2412BBD300F72BB9 /* DrinkTestTests.swift */,
				AE6CE2512412BBD300F72BB9 /* Info.plist */,
			);
			path = DrinkTestTests;
			sourceTree = "<group>";
		};
		AE6CE25A2412BBEA00F72BB9 /* Models */ = {
			isa = PBXGroup;
			children = (
				AE6CE25B2412BBF900F72BB9 /* OrderManager.swift */,
				AE0DA3C524150E710058DE15 /* Drink.swift */,
				AE0DA3C724150EAF0058DE15 /* SpecialOffer.swift */,
				AE0DA3C924150EEF0058DE15 /* Price.swift */,
			);
			path = Models;
			sourceTree = "<group>";
		};
		AE6CE25D2412BDD500F72BB9 /* Views */ = {
			isa = PBXGroup;
			children = (
				AE6CE2602412BE5C00F72BB9 /* DrinkCollectionViewCell.swift */,
				AE6CE2612412BE5C00F72BB9 /* DrinkCollectionViewCell.xib */,
				AE6CE2642412D10F00F72BB9 /* ToOrderDrinkTableViewCell.swift */,
				AE6CE2652412D10F00F72BB9 /* ToOrderDrinkTableViewCell.xib */,
			);
			path = Views;
			sourceTree = "<group>";
		};
/* End PBXGroup section */

/* Begin PBXNativeTarget section */
		AE6CE2342412BBD100F72BB9 /* DrinkTest */ = {
			isa = PBXNativeTarget;
			buildConfigurationList = AE6CE2542412BBD300F72BB9 /* Build configuration list for PBXNativeTarget "DrinkTest" */;
			buildPhases = (
				AE6CE2312412BBD100F72BB9 /* Sources */,
				AE6CE2322412BBD100F72BB9 /* Frameworks */,
				AE6CE2332412BBD100F72BB9 /* Resources */,
			);
			buildRules = (
			);
			dependencies = (
			);
			name = DrinkTest;
			productName = DrinkTest;
			productReference = AE6CE2352412BBD100F72BB9 /* DrinkTest.app */;
			productType = "com.apple.product-type.application";
		};
		AE6CE24A2412BBD300F72BB9 /* DrinkTestTests */ = {
			isa = PBXNativeTarget;
			buildConfigurationList = AE6CE2572412BBD300F72BB9 /* Build configuration list for PBXNativeTarget "DrinkTestTests" */;
			buildPhases = (
				AE6CE2472412BBD300F72BB9 /* Sources */,
				AE6CE2482412BBD300F72BB9 /* Frameworks */,
				AE6CE2492412BBD300F72BB9 /* Resources */,
			);
			buildRules = (
			);
			dependencies = (
				AE6CE24D2412BBD300F72BB9 /* PBXTargetDependency */,
			);
			name = DrinkTestTests;
			productName = DrinkTestTests;
			productReference = AE6CE24B2412BBD300F72BB9 /* DrinkTestTests.xctest */;
			productType = "com.apple.product-type.bundle.unit-test";
		};
/* End PBXNativeTarget section */

/* Begin PBXProject section */
		AE6CE22D2412BBD100F72BB9 /* Project object */ = {
			isa = PBXProject;
			attributes = {
				LastSwiftUpdateCheck = 1130;
				LastUpgradeCheck = 1130;
				ORGANIZATIONNAME = "Filip Ingr";
				TargetAttributes = {
					AE6CE2342412BBD100F72BB9 = {
						CreatedOnToolsVersion = 11.3.1;
					};
					AE6CE24A2412BBD300F72BB9 = {
						CreatedOnToolsVersion = 11.3.1;
						TestTargetID = AE6CE2342412BBD100F72BB9;
					};
				};
			};
			buildConfigurationList = AE6CE2302412BBD100F72BB9 /* Build configuration list for PBXProject "DrinkTest" */;
			compatibilityVersion = "Xcode 9.3";
			developmentRegion = en;
			hasScannedForEncodings = 0;
			knownRegions = (
				en,
				Base,
			);
			mainGroup = AE6CE22C2412BBD100F72BB9;
			productRefGroup = AE6CE2362412BBD100F72BB9 /* Products */;
			projectDirPath = "";
			projectRoot = "";
			targets = (
				AE6CE2342412BBD100F72BB9 /* DrinkTest */,
				AE6CE24A2412BBD300F72BB9 /* DrinkTestTests */,
			);
		};
/* End PBXProject section */

/* Begin PBXResourcesBuildPhase section */
		AE6CE2332412BBD100F72BB9 /* Resources */ = {
			isa = PBXResourcesBuildPhase;
			buildActionMask = 2147483647;
			files = (
				AE6CE2452412BBD300F72BB9 /* LaunchScreen.storyboard in Resources */,
				AE6CE2422412BBD300F72BB9 /* Assets.xcassets in Resources */,
				AE6CE2672412D10F00F72BB9 /* ToOrderDrinkTableViewCell.xib in Resources */,
				AE6CE2402412BBD100F72BB9 /* Main.storyboard in Resources */,
				AE6CE2632412BE5C00F72BB9 /* DrinkCollectionViewCell.xib in Resources */,
			);
			runOnlyForDeploymentPostprocessing = 0;
		};
		AE6CE2492412BBD300F72BB9 /* Resources */ = {
			isa = PBXResourcesBuildPhase;
			buildActionMask = 2147483647;
			files = (
			);
			runOnlyForDeploymentPostprocessing = 0;
		};
/* End PBXResourcesBuildPhase section */

/* Begin PBXSourcesBuildPhase section */
		AE6CE2312412BBD100F72BB9 /* Sources */ = {
			isa = PBXSourcesBuildPhase;
			buildActionMask = 2147483647;
			files = (
				AE0DA3C824150EAF0058DE15 /* SpecialOffer.swift in Sources */,
				AE6CE2622412BE5C00F72BB9 /* DrinkCollectionViewCell.swift in Sources */,
				AE6CE23D2412BBD100F72BB9 /* ViewController.swift in Sources */,
				AE6CE2662412D10F00F72BB9 /* ToOrderDrinkTableViewCell.swift in Sources */,
				AE6CE2392412BBD100F72BB9 /* AppDelegate.swift in Sources */,
				AE0DA3CA24150EEF0058DE15 /* Price.swift in Sources */,
				AE6CE23B2412BBD100F72BB9 /* SceneDelegate.swift in Sources */,
				AE0DA3C624150E710058DE15 /* Drink.swift in Sources */,
				AE6CE25C2412BBF900F72BB9 /* OrderManager.swift in Sources */,
			);
			runOnlyForDeploymentPostprocessing = 0;
		};
		AE6CE2472412BBD300F72BB9 /* Sources */ = {
			isa = PBXSourcesBuildPhase;
			buildActionMask = 2147483647;
			files = (
				AE6CE2502412BBD300F72BB9 /* DrinkTestTests.swift in Sources */,
			);
			runOnlyForDeploymentPostprocessing = 0;
		};
/* End PBXSourcesBuildPhase section */

/* Begin PBXTargetDependency section */
		AE6CE24D2412BBD300F72BB9 /* PBXTargetDependency */ = {
			isa = PBXTargetDependency;
			target = AE6CE2342412BBD100F72BB9 /* DrinkTest */;
			targetProxy = AE6CE24C2412BBD300F72BB9 /* PBXContainerItemProxy */;
		};
/* End PBXTargetDependency section */

/* Begin PBXVariantGroup section */
		AE6CE23E2412BBD100F72BB9 /* Main.storyboard */ = {
			isa = PBXVariantGroup;
			children = (
				AE6CE23F2412BBD100F72BB9 /* Base */,
			);
			name = Main.storyboard;
			sourceTree = "<group>";
		};
		AE6CE2432412BBD300F72BB9 /* LaunchScreen.storyboard */ = {
			isa = PBXVariantGroup;
			children = (
				AE6CE2442412BBD300F72BB9 /* Base */,
			);
			name = LaunchScreen.storyboard;
			sourceTree = "<group>";
		};
/* End PBXVariantGroup section */

/* Begin XCBuildConfiguration section */
		AE6CE2522412BBD300F72BB9 /* Debug */ = {
			isa = XCBuildConfiguration;
			buildSettings = {
				ALWAYS_SEARCH_USER_PATHS = NO;
				CLANG_ANALYZER_NONNULL = YES;
				CLANG_ANALYZER_NUMBER_OBJECT_CONVERSION = YES_AGGRESSIVE;
				CLANG_CXX_LANGUAGE_STANDARD = "gnu++14";
				CLANG_CXX_LIBRARY = "libc++";
				CLANG_ENABLE_MODULES = YES;
				CLANG_ENABLE_OBJC_ARC = YES;
				CLANG_ENABLE_OBJC_WEAK = YES;
				CLANG_WARN_BLOCK_CAPTURE_AUTORELEASING = YES;
				CLANG_WARN_BOOL_CONVERSION = YES;
				CLANG_WARN_COMMA = YES;
				CLANG_WARN_CONSTANT_CONVERSION = YES;
				CLANG_WARN_DEPRECATED_OBJC_IMPLEMENTATIONS = YES;
				CLANG_WARN_DIRECT_OBJC_ISA_USAGE = YES_ERROR;
				CLANG_WARN_DOCUMENTATION_COMMENTS = YES;
				CLANG_WARN_EMPTY_BODY = YES;
				CLANG_WARN_ENUM_CONVERSION = YES;
				CLANG_WARN_INFINITE_RECURSION = YES;
				CLANG_WARN_INT_CONVERSION = YES;
				CLANG_WARN_NON_LITERAL_NULL_CONVERSION = YES;
				CLANG_WARN_OBJC_IMPLICIT_RETAIN_SELF = YES;
				CLANG_WARN_OBJC_LITERAL_CONVERSION = YES;
				CLANG_WARN_OBJC_ROOT_CLASS = YES_ERROR;
				CLANG_WARN_RANGE_LOOP_ANALYSIS = YES;
				CLANG_WARN_STRICT_PROTOTYPES = YES;
				CLANG_WARN_SUSPICIOUS_MOVE = YES;
				CLANG_WARN_UNGUARDED_AVAILABILITY = YES_AGGRESSIVE;
				CLANG_WARN_UNREACHABLE_CODE = YES;
				CLANG_WARN__DUPLICATE_METHOD_MATCH = YES;
				COPY_PHASE_STRIP = NO;
				DEBUG_INFORMATION_FORMAT = dwarf;
				ENABLE_STRICT_OBJC_MSGSEND = YES;
				ENABLE_TESTABILITY = YES;
				GCC_C_LANGUAGE_STANDARD = gnu11;
				GCC_DYNAMIC_NO_PIC = NO;
				GCC_NO_COMMON_BLOCKS = YES;
				GCC_OPTIMIZATION_LEVEL = 0;
				GCC_PREPROCESSOR_DEFINITIONS = (
					"DEBUG=1",
					"$(inherited)",
				);
				GCC_WARN_64_TO_32_BIT_CONVERSION = YES;
				GCC_WARN_ABOUT_RETURN_TYPE = YES_ERROR;
				GCC_WARN_UNDECLARED_SELECTOR = YES;
				GCC_WARN_UNINITIALIZED_AUTOS = YES_AGGRESSIVE;
				GCC_WARN_UNUSED_FUNCTION = YES;
				GCC_WARN_UNUSED_VARIABLE = YES;
				IPHONEOS_DEPLOYMENT_TARGET = 13.2;
				MTL_ENABLE_DEBUG_INFO = INCLUDE_SOURCE;
				MTL_FAST_MATH = YES;
				ONLY_ACTIVE_ARCH = YES;
				SDKROOT = iphoneos;
				SWIFT_ACTIVE_COMPILATION_CONDITIONS = DEBUG;
				SWIFT_OPTIMIZATION_LEVEL = "-Onone";
			};
			name = Debug;
		};
		AE6CE2532412BBD300F72BB9 /* Release */ = {
			isa = XCBuildConfiguration;
			buildSettings = {
				ALWAYS_SEARCH_USER_PATHS = NO;
				CLANG_ANALYZER_NONNULL = YES;
				CLANG_ANALYZER_NUMBER_OBJECT_CONVERSION = YES_AGGRESSIVE;
				CLANG_CXX_LANGUAGE_STANDARD = "gnu++14";
				CLANG_CXX_LIBRARY = "libc++";
				CLANG_ENABLE_MODULES = YES;
				CLANG_ENABLE_OBJC_ARC = YES;
				CLANG_ENABLE_OBJC_WEAK = YES;
				CLANG_WARN_BLOCK_CAPTURE_AUTORELEASING = YES;
				CLANG_WARN_BOOL_CONVERSION = YES;
				CLANG_WARN_COMMA = YES;
				CLANG_WARN_CONSTANT_CONVERSION = YES;
				CLANG_WARN_DEPRECATED_OBJC_IMPLEMENTATIONS = YES;
				CLANG_WARN_DIRECT_OBJC_ISA_USAGE = YES_ERROR;
				CLANG_WARN_DOCUMENTATION_COMMENTS = YES;
				CLANG_WARN_EMPTY_BODY = YES;
				CLANG_WARN_ENUM_CONVERSION = YES;
				CLANG_WARN_INFINITE_RECURSION = YES;
				CLANG_WARN_INT_CONVERSION = YES;
				CLANG_WARN_NON_LITERAL_NULL_CONVERSION = YES;
				CLANG_WARN_OBJC_IMPLICIT_RETAIN_SELF = YES;
				CLANG_WARN_OBJC_LITERAL_CONVERSION = YES;
				CLANG_WARN_OBJC_ROOT_CLASS = YES_ERROR;
				CLANG_WARN_RANGE_LOOP_ANALYSIS = YES;
				CLANG_WARN_STRICT_PROTOTYPES = YES;
				CLANG_WARN_SUSPICIOUS_MOVE = YES;
				CLANG_WARN_UNGUARDED_AVAILABILITY = YES_AGGRESSIVE;
				CLANG_WARN_UNREACHABLE_CODE = YES;
				CLANG_WARN__DUPLICATE_METHOD_MATCH = YES;
				COPY_PHASE_STRIP = NO;
				DEBUG_INFORMATION_FORMAT = "dwarf-with-dsym";
				ENABLE_NS_ASSERTIONS = NO;
				ENABLE_STRICT_OBJC_MSGSEND = YES;
				GCC_C_LANGUAGE_STANDARD = gnu11;
				GCC_NO_COMMON_BLOCKS = YES;
				GCC_WARN_64_TO_32_BIT_CONVERSION = YES;
				GCC_WARN_ABOUT_RETURN_TYPE = YES_ERROR;
				GCC_WARN_UNDECLARED_SELECTOR = YES;
				GCC_WARN_UNINITIALIZED_AUTOS = YES_AGGRESSIVE;
				GCC_WARN_UNUSED_FUNCTION = YES;
				GCC_WARN_UNUSED_VARIABLE = YES;
				IPHONEOS_DEPLOYMENT_TARGET = 13.2;
				MTL_ENABLE_DEBUG_INFO = NO;
				MTL_FAST_MATH = YES;
				SDKROOT = iphoneos;
				SWIFT_COMPILATION_MODE = wholemodule;
				SWIFT_OPTIMIZATION_LEVEL = "-O";
				VALIDATE_PRODUCT = YES;
			};
			name = Release;
		};
		AE6CE2552412BBD300F72BB9 /* Debug */ = {
			isa = XCBuildConfiguration;
			buildSettings = {
				ASSETCATALOG_COMPILER_APPICON_NAME = AppIcon;
				CODE_SIGN_STYLE = Automatic;
				DEVELOPMENT_TEAM = G9VL66Q7U7;
				INFOPLIST_FILE = DrinkTest/Info.plist;
				LD_RUNPATH_SEARCH_PATHS = (
					"$(inherited)",
					"@executable_path/Frameworks",
				);
				PRODUCT_BUNDLE_IDENTIFIER = com.filipingr.DrinkTest;
				PRODUCT_NAME = "$(TARGET_NAME)";
				SWIFT_VERSION = 5.0;
				TARGETED_DEVICE_FAMILY = "1,2";
			};
			name = Debug;
		};
		AE6CE2562412BBD300F72BB9 /* Release */ = {
			isa = XCBuildConfiguration;
			buildSettings = {
				ASSETCATALOG_COMPILER_APPICON_NAME = AppIcon;
				CODE_SIGN_STYLE = Automatic;
				DEVELOPMENT_TEAM = G9VL66Q7U7;
				INFOPLIST_FILE = DrinkTest/Info.plist;
				LD_RUNPATH_SEARCH_PATHS = (
					"$(inherited)",
					"@executable_path/Frameworks",
				);
				PRODUCT_BUNDLE_IDENTIFIER = com.filipingr.DrinkTest;
				PRODUCT_NAME = "$(TARGET_NAME)";
				SWIFT_VERSION = 5.0;
				TARGETED_DEVICE_FAMILY = "1,2";
			};
			name = Release;
		};
		AE6CE2582412BBD300F72BB9 /* Debug */ = {
			isa = XCBuildConfiguration;
			buildSettings = {
				ALWAYS_EMBED_SWIFT_STANDARD_LIBRARIES = YES;
				BUNDLE_LOADER = "$(TEST_HOST)";
				CODE_SIGN_STYLE = Automatic;
				DEVELOPMENT_TEAM = G9VL66Q7U7;
				INFOPLIST_FILE = DrinkTestTests/Info.plist;
				IPHONEOS_DEPLOYMENT_TARGET = 13.2;
				LD_RUNPATH_SEARCH_PATHS = (
					"$(inherited)",
					"@executable_path/Frameworks",
					"@loader_path/Frameworks",
				);
				PRODUCT_BUNDLE_IDENTIFIER = com.filipingr.DrinkTestTests;
				PRODUCT_NAME = "$(TARGET_NAME)";
				SWIFT_VERSION = 5.0;
				TARGETED_DEVICE_FAMILY = "1,2";
				TEST_HOST = "$(BUILT_PRODUCTS_DIR)/DrinkTest.app/DrinkTest";
			};
			name = Debug;
		};
		AE6CE2592412BBD300F72BB9 /* Release */ = {
			isa = XCBuildConfiguration;
			buildSettings = {
				ALWAYS_EMBED_SWIFT_STANDARD_LIBRARIES = YES;
				BUNDLE_LOADER = "$(TEST_HOST)";
				CODE_SIGN_STYLE = Automatic;
				DEVELOPMENT_TEAM = G9VL66Q7U7;
				INFOPLIST_FILE = DrinkTestTests/Info.plist;
				IPHONEOS_DEPLOYMENT_TARGET = 13.2;
				LD_RUNPATH_SEARCH_PATHS = (
					"$(inherited)",
					"@executable_path/Frameworks",
					"@loader_path/Frameworks",
				);
				PRODUCT_BUNDLE_IDENTIFIER = com.filipingr.DrinkTestTests;
				PRODUCT_NAME = "$(TARGET_NAME)";
				SWIFT_VERSION = 5.0;
				TARGETED_DEVICE_FAMILY = "1,2";
				TEST_HOST = "$(BUILT_PRODUCTS_DIR)/DrinkTest.app/DrinkTest";
			};
			name = Release;
		};
/* End XCBuildConfiguration section */

/* Begin XCConfigurationList section */
		AE6CE2302412BBD100F72BB9 /* Build configuration list for PBXProject "DrinkTest" */ = {
			isa = XCConfigurationList;
			buildConfigurations = (
				AE6CE2522412BBD300F72BB9 /* Debug */,
				AE6CE2532412BBD300F72BB9 /* Release */,
			);
			defaultConfigurationIsVisible = 0;
			defaultConfigurationName = Release;
		};
		AE6CE2542412BBD300F72BB9 /* Build configuration list for PBXNativeTarget "DrinkTest" */ = {
			isa = XCConfigurationList;
			buildConfigurations = (
				AE6CE2552412BBD300F72BB9 /* Debug */,
				AE6CE2562412BBD300F72BB9 /* Release */,
			);
			defaultConfigurationIsVisible = 0;
			defaultConfigurationName = Release;
		};
		AE6CE2572412BBD300F72BB9 /* Build configuration list for PBXNativeTarget "DrinkTestTests" */ = {
			isa = XCConfigurationList;
			buildConfigurations = (
				AE6CE2582412BBD300F72BB9 /* Debug */,
				AE6CE2592412BBD300F72BB9 /* Release */,
			);
			defaultConfigurationIsVisible = 0;
			defaultConfigurationName = Release;
		};
/* End XCConfigurationList section */
	};
	rootObject = AE6CE22D2412BBD100F72BB9 /* Project object */;
}
